
Microsoft Visual Studio Solution File, Format Version 12.00
# Visual Studio 15
Project("{FAE04EC0-301F-11D3-BF4B-00C04F79EFBC}") = "Assembly-CSharp-Editor", "Assembly-CSharp-Editor.csproj", "{2DBCC362-A9E0-3784-76E3-B900B23C39F7}"
EndProject
Project("{FAE04EC0-301F-11D3-BF4B-00C04F79EFBC}") = "Assembly-CSharp", "Assembly-CSharp.csproj", "{7EC13495-3804-CA25-FE39-DAEDB09595B7}"
EndProject
Global
	GlobalSection(SolutionConfigurationPlatforms) = preSolution
		Debug|Any CPU = Debug|Any CPU
		Release|Any CPU = Release|Any CPU
	EndGlobalSection
	GlobalSection(ProjectConfigurationPlatforms) = postSolution
		{2DBCC362-A9E0-3784-76E3-B900B23C39F7}.Debug|Any CPU.ActiveCfg = Debug|Any CPU
		{2DBCC362-A9E0-3784-76E3-B900B23C39F7}.Debug|Any CPU.Build.0 = Debug|Any CPU
		{2DBCC362-A9E0-3784-76E3-B900B23C39F7}.Release|Any CPU.ActiveCfg = Release|Any CPU
		{2DBCC362-A9E0-3784-76E3-B900B23C39F7}.Release|Any CPU.Build.0 = Release|Any CPU
		{7EC13495-3804-CA25-FE39-DAEDB09595B7}.Debug|Any CPU.ActiveCfg = Debug|Any CPU
		{7EC13495-3804-CA25-FE39-DAEDB09595B7}.Debug|Any CPU.Build.0 = Debug|Any CPU
		{7EC13495-3804-CA25-FE39-DAEDB09595B7}.Release|Any CPU.ActiveCfg = Release|Any CPU
		{7EC13495-3804-CA25-FE39-DAEDB09595B7}.Release|Any CPU.Build.0 = Release|Any CPU
	EndGlobalSection
	GlobalSection(SolutionProperties) = preSolution
		HideSolutionNode = FALSE
	EndGlobalSection
EndGlobal
